
Microsoft Visual Studio Solution File, Format Version 12.00
# Visual Studio Version 17
VisualStudioVersion = 17.7.33906.173
MinimumVisualStudioVersion = 10.0.40219.1
Project("{FAE04EC0-301F-11D3-BF4B-00C04F79EFBC}") = "Kodee.Models", "Kodee.Models\Kodee.Models.csproj", "{97B66D4B-C806-4EFB-8463-17D9C869F3CD}"
EndProject
Global
	GlobalSection(SolutionConfigurationPlatforms) = preSolution
		Debug|Any CPU = Debug|Any CPU
		Release|Any CPU = Release|Any CPU
	EndGlobalSection
	GlobalSection(ProjectConfigurationPlatforms) = postSolution
		{97B66D4B-C806-4EFB-8463-17D9C869F3CD}.Debug|Any CPU.ActiveCfg = Debug|Any CPU
		{97B66D4B-C806-4EFB-8463-17D9C869F3CD}.Debug|Any CPU.Build.0 = Debug|Any CPU
		{97B66D4B-C806-4EFB-8463-17D9C869F3CD}.Release|Any CPU.ActiveCfg = Release|Any CPU
		{97B66D4B-C806-4EFB-8463-17D9C869F3CD}.Release|Any CPU.Build.0 = Release|Any CPU
	EndGlobalSection
	GlobalSection(SolutionProperties) = preSolution
		HideSolutionNode = FALSE
	EndGlobalSection
	GlobalSection(ExtensibilityGlobals) = postSolution
		SolutionGuid = {7E6FE2D8-0E06-4AC4-867F-FC76B2DC1492}
	EndGlobalSection
EndGlobal
